
Microsoft Visual Studio Solution File, Format Version 12.00
# Visual Studio 2013
VisualStudioVersion = 12.0.40629.0
MinimumVisualStudioVersion = 10.0.40219.1
Project("{8BC9CEB8-8B4A-11D0-8D11-00A0C91BC942}") = "RigidFrame", "RigidFrame\RigidFrame.vcxproj", "{C8C1789D-0EB2-4F22-A096-F065DE96A5FD}"
	ProjectSection(ProjectDependencies) = postProject
		{EEB64991-9343-4979-8290-4D9C254082C2} = {EEB64991-9343-4979-8290-4D9C254082C2}
		{0E5076B5-6412-45E8-BAE3-95BA13EB8C0B} = {0E5076B5-6412-45E8-BAE3-95BA13EB8C0B}
		{4BA3C0E7-5DBC-4C0B-BF49-78907FDF8927} = {4BA3C0E7-5DBC-4C0B-BF49-78907FDF8927}
	EndProjectSection
EndProject
Project("{8BC9CEB8-8B4A-11D0-8D11-00A0C91BC942}") = "YjMath", "YjMath\YjMath.vcxproj", "{B7A9774A-F8EA-456D-A57D-1C190B58E375}"
EndProject
Project("{8BC9CEB8-8B4A-11D0-8D11-00A0C91BC942}") = "YjOSG", "YjOSG\YjOSG.vcxproj", "{4F5CAEAE-BB57-46C6-A6DB-0B3CE0C0D43F}"
EndProject
Project("{8BC9CEB8-8B4A-11D0-8D11-00A0C91BC942}") = "RoadData", "RoadData\RoadData.vcxproj", "{45DD0DA1-0FCA-4B44-AD9E-268AE9AD77A4}"
	ProjectSection(ProjectDependencies) = postProject
		{4F5CAEAE-BB57-46C6-A6DB-0B3CE0C0D43F} = {4F5CAEAE-BB57-46C6-A6DB-0B3CE0C0D43F}
	EndProjectSection
EndProject
Project("{8BC9CEB8-8B4A-11D0-8D11-00A0C91BC942}") = "MainPier", "MainPier\MainPier.vcxproj", "{0F3111FB-DC01-437A-8295-4EAF9846AE6D}"
	ProjectSection(ProjectDependencies) = postProject
		{4F5CAEAE-BB57-46C6-A6DB-0B3CE0C0D43F} = {4F5CAEAE-BB57-46C6-A6DB-0B3CE0C0D43F}
	EndProjectSection
EndProject
Project("{8BC9CEB8-8B4A-11D0-8D11-00A0C91BC942}") = "StdSection", "StdSection\StdSection.vcxproj", "{7BEEAF8C-D318-4C35-9129-4FA6FDC6C0AF}"
	ProjectSection(ProjectDependencies) = postProject
		{4F5CAEAE-BB57-46C6-A6DB-0B3CE0C0D43F} = {4F5CAEAE-BB57-46C6-A6DB-0B3CE0C0D43F}
	EndProjectSection
EndProject
Project("{8BC9CEB8-8B4A-11D0-8D11-00A0C91BC942}") = "Segment", "Segment\Segment.vcxproj", "{A740BAC5-5773-4DC1-92D9-FF89E2F40A8B}"
	ProjectSection(ProjectDependencies) = postProject
		{7BEEAF8C-D318-4C35-9129-4FA6FDC6C0AF} = {7BEEAF8C-D318-4C35-9129-4FA6FDC6C0AF}
	EndProjectSection
EndProject
Project("{8BC9CEB8-8B4A-11D0-8D11-00A0C91BC942}") = "DefaultParam", "DefaultParam\DefaultParam.vcxproj", "{2F93C79C-DCFA-4664-82C6-7FCDFAF145B4}"
	ProjectSection(ProjectDependencies) = postProject
		{B7A9774A-F8EA-456D-A57D-1C190B58E375} = {B7A9774A-F8EA-456D-A57D-1C190B58E375}
	EndProjectSection
EndProject
Project("{8BC9CEB8-8B4A-11D0-8D11-00A0C91BC942}") = "MainGirder", "MainGirder\MainGirder.vcxproj", "{0186A957-66BB-42B2-BB6E-ECC97049F136}"
	ProjectSection(ProjectDependencies) = postProject
		{2F93C79C-DCFA-4664-82C6-7FCDFAF145B4} = {2F93C79C-DCFA-4664-82C6-7FCDFAF145B4}
		{45DD0DA1-0FCA-4B44-AD9E-268AE9AD77A4} = {45DD0DA1-0FCA-4B44-AD9E-268AE9AD77A4}
		{A740BAC5-5773-4DC1-92D9-FF89E2F40A8B} = {A740BAC5-5773-4DC1-92D9-FF89E2F40A8B}
		{0F3111FB-DC01-437A-8295-4EAF9846AE6D} = {0F3111FB-DC01-437A-8295-4EAF9846AE6D}
	EndProjectSection
EndProject
Project("{8BC9CEB8-8B4A-11D0-8D11-00A0C91BC942}") = "RigidFrameBridge", "RigidFrameBridge\RigidFrameBridge.vcxproj", "{4BA3C0E7-5DBC-4C0B-BF49-78907FDF8927}"
	ProjectSection(ProjectDependencies) = postProject
		{0186A957-66BB-42B2-BB6E-ECC97049F136} = {0186A957-66BB-42B2-BB6E-ECC97049F136}
	EndProjectSection
EndProject
Project("{8BC9CEB8-8B4A-11D0-8D11-00A0C91BC942}") = "DxfMaker", "DxfMaker\DxfMaker.vcxproj", "{EEB64991-9343-4979-8290-4D9C254082C2}"
EndProject
Project("{8BC9CEB8-8B4A-11D0-8D11-00A0C91BC942}") = "CDIPBar", "CDIPBar\CDIPBar.vcxproj", "{0E5076B5-6412-45E8-BAE3-95BA13EB8C0B}"
EndProject
Project("{8BC9CEB8-8B4A-11D0-8D11-00A0C91BC942}") = "Piles", "PilesBar\PilesBar.vcxproj", "{2161B9AE-37EB-4B3D-BA00-3E0D2DBFE84F}"
EndProject
Global
	GlobalSection(SolutionConfigurationPlatforms) = preSolution
		Debug|Win32 = Debug|Win32
		Release|Win32 = Release|Win32
	EndGlobalSection
	GlobalSection(ProjectConfigurationPlatforms) = postSolution
		{C8C1789D-0EB2-4F22-A096-F065DE96A5FD}.Debug|Win32.ActiveCfg = Debug|Win32
		{C8C1789D-0EB2-4F22-A096-F065DE96A5FD}.Debug|Win32.Build.0 = Debug|Win32
		{C8C1789D-0EB2-4F22-A096-F065DE96A5FD}.Release|Win32.ActiveCfg = Release|Win32
		{C8C1789D-0EB2-4F22-A096-F065DE96A5FD}.Release|Win32.Build.0 = Release|Win32
		{B7A9774A-F8EA-456D-A57D-1C190B58E375}.Debug|Win32.ActiveCfg = Debug|Win32
		{B7A9774A-F8EA-456D-A57D-1C190B58E375}.Debug|Win32.Build.0 = Debug|Win32
		{B7A9774A-F8EA-456D-A57D-1C190B58E375}.Release|Win32.ActiveCfg = Release|Win32
		{B7A9774A-F8EA-456D-A57D-1C190B58E375}.Release|Win32.Build.0 = Release|Win32
		{4F5CAEAE-BB57-46C6-A6DB-0B3CE0C0D43F}.Debug|Win32.ActiveCfg = Debug|Win32
		{4F5CAEAE-BB57-46C6-A6DB-0B3CE0C0D43F}.Debug|Win32.Build.0 = Debug|Win32
		{4F5CAEAE-BB57-46C6-A6DB-0B3CE0C0D43F}.Release|Win32.ActiveCfg = Release|Win32
		{4F5CAEAE-BB57-46C6-A6DB-0B3CE0C0D43F}.Release|Win32.Build.0 = Release|Win32
		{45DD0DA1-0FCA-4B44-AD9E-268AE9AD77A4}.Debug|Win32.ActiveCfg = Debug|Win32
		{45DD0DA1-0FCA-4B44-AD9E-268AE9AD77A4}.Debug|Win32.Build.0 = Debug|Win32
		{45DD0DA1-0FCA-4B44-AD9E-268AE9AD77A4}.Release|Win32.ActiveCfg = Release|Win32
		{45DD0DA1-0FCA-4B44-AD9E-268AE9AD77A4}.Release|Win32.Build.0 = Release|Win32
		{0F3111FB-DC01-437A-8295-4EAF9846AE6D}.Debug|Win32.ActiveCfg = Debug|Win32
		{0F3111FB-DC01-437A-8295-4EAF9846AE6D}.Debug|Win32.Build.0 = Debug|Win32
		{0F3111FB-DC01-437A-8295-4EAF9846AE6D}.Release|Win32.ActiveCfg = Release|Win32
		{0F3111FB-DC01-437A-8295-4EAF9846AE6D}.Release|Win32.Build.0 = Release|Win32
		{7BEEAF8C-D318-4C35-9129-4FA6FDC6C0AF}.Debug|Win32.ActiveCfg = Debug|Win32
		{7BEEAF8C-D318-4C35-9129-4FA6FDC6C0AF}.Debug|Win32.Build.0 = Debug|Win32
		{7BEEAF8C-D318-4C35-9129-4FA6FDC6C0AF}.Release|Win32.ActiveCfg = Release|Win32
		{7BEEAF8C-D318-4C35-9129-4FA6FDC6C0AF}.Release|Win32.Build.0 = Release|Win32
		{A740BAC5-5773-4DC1-92D9-FF89E2F40A8B}.Debug|Win32.ActiveCfg = Debug|Win32
		{A740BAC5-5773-4DC1-92D9-FF89E2F40A8B}.Debug|Win32.Build.0 = Debug|Win32
		{A740BAC5-5773-4DC1-92D9-FF89E2F40A8B}.Release|Win32.ActiveCfg = Release|Win32
		{A740BAC5-5773-4DC1-92D9-FF89E2F40A8B}.Release|Win32.Build.0 = Release|Win32
		{2F93C79C-DCFA-4664-82C6-7FCDFAF145B4}.Debug|Win32.ActiveCfg = Debug|Win32
		{2F93C79C-DCFA-4664-82C6-7FCDFAF145B4}.Debug|Win32.Build.0 = Debug|Win32
		{2F93C79C-DCFA-4664-82C6-7FCDFAF145B4}.Release|Win32.ActiveCfg = Release|Win32
		{2F93C79C-DCFA-4664-82C6-7FCDFAF145B4}.Release|Win32.Build.0 = Release|Win32
		{0186A957-66BB-42B2-BB6E-ECC97049F136}.Debug|Win32.ActiveCfg = Debug|Win32
		{0186A957-66BB-42B2-BB6E-ECC97049F136}.Debug|Win32.Build.0 = Debug|Win32
		{0186A957-66BB-42B2-BB6E-ECC97049F136}.Release|Win32.ActiveCfg = Release|Win32
		{0186A957-66BB-42B2-BB6E-ECC97049F136}.Release|Win32.Build.0 = Release|Win32
		{4BA3C0E7-5DBC-4C0B-BF49-78907FDF8927}.Debug|Win32.ActiveCfg = Debug|Win32
		{4BA3C0E7-5DBC-4C0B-BF49-78907FDF8927}.Debug|Win32.Build.0 = Debug|Win32
		{4BA3C0E7-5DBC-4C0B-BF49-78907FDF8927}.Release|Win32.ActiveCfg = Release|Win32
		{4BA3C0E7-5DBC-4C0B-BF49-78907FDF8927}.Release|Win32.Build.0 = Release|Win32
		{EEB64991-9343-4979-8290-4D9C254082C2}.Debug|Win32.ActiveCfg = Debug|Win32
		{EEB64991-9343-4979-8290-4D9C254082C2}.Debug|Win32.Build.0 = Debug|Win32
		{EEB64991-9343-4979-8290-4D9C254082C2}.Release|Win32.ActiveCfg = Release|Win32
		{EEB64991-9343-4979-8290-4D9C254082C2}.Release|Win32.Build.0 = Release|Win32
		{0E5076B5-6412-45E8-BAE3-95BA13EB8C0B}.Debug|Win32.ActiveCfg = Debug|Win32
		{0E5076B5-6412-45E8-BAE3-95BA13EB8C0B}.Debug|Win32.Build.0 = Debug|Win32
		{0E5076B5-6412-45E8-BAE3-95BA13EB8C0B}.Release|Win32.ActiveCfg = Release|Win32
		{0E5076B5-6412-45E8-BAE3-95BA13EB8C0B}.Release|Win32.Build.0 = Release|Win32
		{2161B9AE-37EB-4B3D-BA00-3E0D2DBFE84F}.Debug|Win32.ActiveCfg = Debug|Win32
		{2161B9AE-37EB-4B3D-BA00-3E0D2DBFE84F}.Debug|Win32.Build.0 = Debug|Win32
		{2161B9AE-37EB-4B3D-BA00-3E0D2DBFE84F}.Release|Win32.ActiveCfg = Release|Win32
		{2161B9AE-37EB-4B3D-BA00-3E0D2DBFE84F}.Release|Win32.Build.0 = Release|Win32
	EndGlobalSection
	GlobalSection(SolutionProperties) = preSolution
		HideSolutionNode = FALSE
	EndGlobalSection
EndGlobal
